// !$*UTF8*$!
{
	archiveVersion = 1;
	classes = {
	};
	objectVersion = 50;
	objects = {

/* Begin PBXBuildFile section */
		A1032875251628700088F108 /* AppDelegate.swift in Sources */ = {isa = PBXBuildFile; fileRef = A1032874251628700088F108 /* AppDelegate.swift */; };
		A1032877251628700088F108 /* SceneDelegate.swift in Sources */ = {isa = PBXBuildFile; fileRef = A1032876251628700088F108 /* SceneDelegate.swift */; };
		A1032879251628700088F108 /* ViewController.swift in Sources */ = {isa = PBXBuildFile; fileRef = A1032878251628700088F108 /* ViewController.swift */; };
		A103287C251628700088F108 /* Main.storyboard in Resources */ = {isa = PBXBuildFile; fileRef = A103287A251628700088F108 /* Main.storyboard */; };
		A103287E251628710088F108 /* Assets.xcassets in Resources */ = {isa = PBXBuildFile; fileRef = A103287D251628710088F108 /* Assets.xcassets */; };
		A1032881251628710088F108 /* LaunchScreen.storyboard in Resources */ = {isa = PBXBuildFile; fileRef = A103287F251628710088F108 /* LaunchScreen.storyboard */; };
		A103288C251628720088F108 /* LiveGiftViewTests.swift in Sources */ = {isa = PBXBuildFile; fileRef = A103288B251628720088F108 /* LiveGiftViewTests.swift */; };
		A1032897251628720088F108 /* LiveGiftViewUITests.swift in Sources */ = {isa = PBXBuildFile; fileRef = A1032896251628720088F108 /* LiveGiftViewUITests.swift */; };
		A10328E4251644E60088F108 /* GiftShowView.swift in Sources */ = {isa = PBXBuildFile; fileRef = A10328E3251644E60088F108 /* GiftShowView.swift */; };
		A10328EA251645410088F108 /* GiftManager.swift in Sources */ = {isa = PBXBuildFile; fileRef = A10328E9251645410088F108 /* GiftManager.swift */; };
		A10328F225165B8D0088F108 /* GiftModel.swift in Sources */ = {isa = PBXBuildFile; fileRef = A10328F125165B8D0088F108 /* GiftModel.swift */; };
		A10328F725165D310088F108 /* GiftShowView.xib in Resources */ = {isa = PBXBuildFile; fileRef = A10328F625165D310088F108 /* GiftShowView.xib */; };
		A10328FC25174D1B0088F108 /* GiftNumberLab.swift in Sources */ = {isa = PBXBuildFile; fileRef = A10328FB25174D1B0088F108 /* GiftNumberLab.swift */; };
/* End PBXBuildFile section */

/* Begin PBXContainerItemProxy section */
		A1032888251628720088F108 /* PBXContainerItemProxy */ = {
			isa = PBXContainerItemProxy;
			containerPortal = A1032869251628700088F108 /* Project object */;
			proxyType = 1;
			remoteGlobalIDString = A1032870251628700088F108;
			remoteInfo = LiveGiftView;
		};
		A1032893251628720088F108 /* PBXContainerItemProxy */ = {
			isa = PBXContainerItemProxy;
			containerPortal = A1032869251628700088F108 /* Project object */;
			proxyType = 1;
			remoteGlobalIDString = A1032870251628700088F108;
			remoteInfo = LiveGiftView;
		};
/* End PBXContainerItemProxy section */

/* Begin PBXFileReference section */
		A1032871251628700088F108 /* LiveGiftView.app */ = {isa = PBXFileReference; explicitFileType = wrapper.application; includeInIndex = 0; path = LiveGiftView.app; sourceTree = BUILT_PRODUCTS_DIR; };
		A1032874251628700088F108 /* AppDelegate.swift */ = {isa = PBXFileReference; lastKnownFileType = sourcecode.swift; path = AppDelegate.swift; sourceTree = "<group>"; };
		A1032876251628700088F108 /* SceneDelegate.swift */ = {isa = PBXFileReference; lastKnownFileType = sourcecode.swift; path = SceneDelegate.swift; sourceTree = "<group>"; };
		A1032878251628700088F108 /* ViewController.swift */ = {isa = PBXFileReference; lastKnownFileType = sourcecode.swift; path = ViewController.swift; sourceTree = "<group>"; };
		A103287B251628700088F108 /* Base */ = {isa = PBXFileReference; lastKnownFileType = file.storyboard; name = Base; path = Base.lproj/Main.storyboard; sourceTree = "<group>"; };
		A103287D251628710088F108 /* Assets.xcassets */ = {isa = PBXFileReference; lastKnownFileType = folder.assetcatalog; path = Assets.xcassets; sourceTree = "<group>"; };
		A1032880251628710088F108 /* Base */ = {isa = PBXFileReference; lastKnownFileType = file.storyboard; name = Base; path = Base.lproj/LaunchScreen.storyboard; sourceTree = "<group>"; };
		A1032882251628710088F108 /* Info.plist */ = {isa = PBXFileReference; lastKnownFileType = text.plist.xml; path = Info.plist; sourceTree = "<group>"; };
		A1032887251628720088F108 /* LiveGiftViewTests.xctest */ = {isa = PBXFileReference; explicitFileType = wrapper.cfbundle; includeInIndex = 0; path = LiveGiftViewTests.xctest; sourceTree = BUILT_PRODUCTS_DIR; };
		A103288B251628720088F108 /* LiveGiftViewTests.swift */ = {isa = PBXFileReference; lastKnownFileType = sourcecode.swift; path = LiveGiftViewTests.swift; sourceTree = "<group>"; };
		A103288D251628720088F108 /* Info.plist */ = {isa = PBXFileReference; lastKnownFileType = text.plist.xml; path = Info.plist; sourceTree = "<group>"; };
		A1032892251628720088F108 /* LiveGiftViewUITests.xctest */ = {isa = PBXFileReference; explicitFileType = wrapper.cfbundle; includeInIndex = 0; path = LiveGiftViewUITests.xctest; sourceTree = BUILT_PRODUCTS_DIR; };
		A1032896251628720088F108 /* LiveGiftViewUITests.swift */ = {isa = PBXFileReference; lastKnownFileType = sourcecode.swift; path = LiveGiftViewUITests.swift; sourceTree = "<group>"; };
		A1032898251628720088F108 /* Info.plist */ = {isa = PBXFileReference; lastKnownFileType = text.plist.xml; path = Info.plist; sourceTree = "<group>"; };
		A10328E3251644E60088F108 /* GiftShowView.swift */ = {isa = PBXFileReference; lastKnownFileType = sourcecode.swift; path = GiftShowView.swift; sourceTree = "<group>"; };
		A10328E9251645410088F108 /* GiftManager.swift */ = {isa = PBXFileReference; lastKnownFileType = sourcecode.swift; path = GiftManager.swift; sourceTree = "<group>"; };
		A10328F125165B8D0088F108 /* GiftModel.swift */ = {isa = PBXFileReference; lastKnownFileType = sourcecode.swift; path = GiftModel.swift; sourceTree = "<group>"; };
		A10328F625165D310088F108 /* GiftShowView.xib */ = {isa = PBXFileReference; lastKnownFileType = file.xib; path = GiftShowView.xib; sourceTree = "<group>"; };
		A10328FB25174D1B0088F108 /* GiftNumberLab.swift */ = {isa = PBXFileReference; lastKnownFileType = sourcecode.swift; path = GiftNumberLab.swift; sourceTree = "<group>"; };
		A1032900251755B80088F108 /* README.md */ = {isa = PBXFileReference; lastKnownFileType = net.daringfireball.markdown; path = README.md; sourceTree = "<group>"; };
		A10329012517572E0088F108 /* test.gif */ = {isa = PBXFileReference; lastKnownFileType = image.gif; path = test.gif; sourceTree = "<group>"; };
/* End PBXFileReference section */

/* Begin PBXFrameworksBuildPhase section */
		A103286E251628700088F108 /* Frameworks */ = {
			isa = PBXFrameworksBuildPhase;
			buildActionMask = 2147483647;
			files = (
			);
			runOnlyForDeploymentPostprocessing = 0;
		};
		A1032884251628710088F108 /* Frameworks */ = {
			isa = PBXFrameworksBuildPhase;
			buildActionMask = 2147483647;
			files = (
			);
			runOnlyForDeploymentPostprocessing = 0;
		};
		A103288F251628720088F108 /* Frameworks */ = {
			isa = PBXFrameworksBuildPhase;
			buildActionMask = 2147483647;
			files = (
			);
			runOnlyForDeploymentPostprocessing = 0;
		};
/* End PBXFrameworksBuildPhase section */

/* Begin PBXGroup section */
		A1032868251628700088F108 = {
			isa = PBXGroup;
			children = (
				A1032900251755B80088F108 /* README.md */,
				A10329012517572E0088F108 /* test.gif */,
				A1032873251628700088F108 /* LiveGiftView */,
				A103288A251628720088F108 /* LiveGiftViewTests */,
				A1032895251628720088F108 /* LiveGiftViewUITests */,
				A1032872251628700088F108 /* Products */,
			);
			sourceTree = "<group>";
		};
		A1032872251628700088F108 /* Products */ = {
			isa = PBXGroup;
			children = (
				A1032871251628700088F108 /* LiveGiftView.app */,
				A1032887251628720088F108 /* LiveGiftViewTests.xctest */,
				A1032892251628720088F108 /* LiveGiftViewUITests.xctest */,
			);
			name = Products;
			sourceTree = "<group>";
		};
		A1032873251628700088F108 /* LiveGiftView */ = {
			isa = PBXGroup;
			children = (
				A10328E8251645250088F108 /* GiftView */,
				A1032874251628700088F108 /* AppDelegate.swift */,
				A1032876251628700088F108 /* SceneDelegate.swift */,
				A1032878251628700088F108 /* ViewController.swift */,
				A103287A251628700088F108 /* Main.storyboard */,
				A103287D251628710088F108 /* Assets.xcassets */,
				A103287F251628710088F108 /* LaunchScreen.storyboard */,
				A1032882251628710088F108 /* Info.plist */,
			);
			path = LiveGiftView;
			sourceTree = "<group>";
		};
		A103288A251628720088F108 /* LiveGiftViewTests */ = {
			isa = PBXGroup;
			children = (
				A103288B251628720088F108 /* LiveGiftViewTests.swift */,
				A103288D251628720088F108 /* Info.plist */,
			);
			path = LiveGiftViewTests;
			sourceTree = "<group>";
		};
		A1032895251628720088F108 /* LiveGiftViewUITests */ = {
			isa = PBXGroup;
			children = (
				A1032896251628720088F108 /* LiveGiftViewUITests.swift */,
				A1032898251628720088F108 /* Info.plist */,
			);
			path = LiveGiftViewUITests;
			sourceTree = "<group>";
		};
		A10328E8251645250088F108 /* GiftView */ = {
			isa = PBXGroup;
			children = (
				A10328E3251644E60088F108 /* GiftShowView.swift */,
				A10328F625165D310088F108 /* GiftShowView.xib */,
				A10328E9251645410088F108 /* GiftManager.swift */,
				A10328F125165B8D0088F108 /* GiftModel.swift */,
				A10328FB25174D1B0088F108 /* GiftNumberLab.swift */,
			);
			path = GiftView;
			sourceTree = "<group>";
		};
/* End PBXGroup section */

/* Begin PBXNativeTarget section */
		A1032870251628700088F108 /* LiveGiftView */ = {
			isa = PBXNativeTarget;
			buildConfigurationList = A103289B251628720088F108 /* Build configuration list for PBXNativeTarget "LiveGiftView" */;
			buildPhases = (
				A103286D251628700088F108 /* Sources */,
				A103286E251628700088F108 /* Frameworks */,
				A103286F251628700088F108 /* Resources */,
			);
			buildRules = (
			);
			dependencies = (
			);
			name = LiveGiftView;
			productName = LiveGiftView;
			productReference = A1032871251628700088F108 /* LiveGiftView.app */;
			productType = "com.apple.product-type.application";
		};
		A1032886251628710088F108 /* LiveGiftViewTests */ = {
			isa = PBXNativeTarget;
			buildConfigurationList = A103289E251628720088F108 /* Build configuration list for PBXNativeTarget "LiveGiftViewTests" */;
			buildPhases = (
				A1032883251628710088F108 /* Sources */,
				A1032884251628710088F108 /* Frameworks */,
				A1032885251628710088F108 /* Resources */,
			);
			buildRules = (
			);
			dependencies = (
				A1032889251628720088F108 /* PBXTargetDependency */,
			);
			name = LiveGiftViewTests;
			productName = LiveGiftViewTests;
			productReference = A1032887251628720088F108 /* LiveGiftViewTests.xctest */;
			productType = "com.apple.product-type.bundle.unit-test";
		};
		A1032891251628720088F108 /* LiveGiftViewUITests */ = {
			isa = PBXNativeTarget;
			buildConfigurationList = A10328A1251628720088F108 /* Build configuration list for PBXNativeTarget "LiveGiftViewUITests" */;
			buildPhases = (
				A103288E251628720088F108 /* Sources */,
				A103288F251628720088F108 /* Frameworks */,
				A1032890251628720088F108 /* Resources */,
			);
			buildRules = (
			);
			dependencies = (
				A1032894251628720088F108 /* PBXTargetDependency */,
			);
			name = LiveGiftViewUITests;
			productName = LiveGiftViewUITests;
			productReference = A1032892251628720088F108 /* LiveGiftViewUITests.xctest */;
			productType = "com.apple.product-type.bundle.ui-testing";
		};
/* End PBXNativeTarget section */

/* Begin PBXProject section */
		A1032869251628700088F108 /* Project object */ = {
			isa = PBXProject;
			attributes = {
				LastSwiftUpdateCheck = 1200;
				LastUpgradeCheck = 1200;
				TargetAttributes = {
					A1032870251628700088F108 = {
						CreatedOnToolsVersion = 12.0;
					};
					A1032886251628710088F108 = {
						CreatedOnToolsVersion = 12.0;
						TestTargetID = A1032870251628700088F108;
					};
					A1032891251628720088F108 = {
						CreatedOnToolsVersion = 12.0;
						TestTargetID = A1032870251628700088F108;
					};
				};
			};
			buildConfigurationList = A103286C251628700088F108 /* Build configuration list for PBXProject "LiveGiftView" */;
			compatibilityVersion = "Xcode 9.3";
			developmentRegion = en;
			hasScannedForEncodings = 0;
			knownRegions = (
				en,
				Base,
			);
			mainGroup = A1032868251628700088F108;
			productRefGroup = A1032872251628700088F108 /* Products */;
			projectDirPath = "";
			projectRoot = "";
			targets = (
				A1032870251628700088F108 /* LiveGiftView */,
				A1032886251628710088F108 /* LiveGiftViewTests */,
				A1032891251628720088F108 /* LiveGiftViewUITests */,
			);
		};
/* End PBXProject section */

/* Begin PBXResourcesBuildPhase section */
		A103286F251628700088F108 /* Resources */ = {
			isa = PBXResourcesBuildPhase;
			buildActionMask = 2147483647;
			files = (
				A1032881251628710088F108 /* LaunchScreen.storyboard in Resources */,
				A103287E251628710088F108 /* Assets.xcassets in Resources */,
				A103287C251628700088F108 /* Main.storyboard in Resources */,
				A10328F725165D310088F108 /* GiftShowView.xib in Resources */,
			);
			runOnlyForDeploymentPostprocessing = 0;
		};
		A1032885251628710088F108 /* Resources */ = {
			isa = PBXResourcesBuildPhase;
			buildActionMask = 2147483647;
			files = (
			);
			runOnlyForDeploymentPostprocessing = 0;
		};
		A1032890251628720088F108 /* Resources */ = {
			isa = PBXResourcesBuildPhase;
			buildActionMask = 2147483647;
			files = (
			);
			runOnlyForDeploymentPostprocessing = 0;
		};
/* End PBXResourcesBuildPhase section */

/* Begin PBXSourcesBuildPhase section */
		A103286D251628700088F108 /* Sources */ = {
			isa = PBXSourcesBuildPhase;
			buildActionMask = 2147483647;
			files = (
				A1032879251628700088F108 /* ViewController.swift in Sources */,
				A10328FC25174D1B0088F108 /* GiftNumberLab.swift in Sources */,
				A1032875251628700088F108 /* AppDelegate.swift in Sources */,
				A10328EA251645410088F108 /* GiftManager.swift in Sources */,
				A10328F225165B8D0088F108 /* GiftModel.swift in Sources */,
				A1032877251628700088F108 /* SceneDelegate.swift in Sources */,
				A10328E4251644E60088F108 /* GiftShowView.swift in Sources */,
			);
			runOnlyForDeploymentPostprocessing = 0;
		};
		A1032883251628710088F108 /* Sources */ = {
			isa = PBXSourcesBuildPhase;
			buildActionMask = 2147483647;
			files = (
				A103288C251628720088F108 /* LiveGiftViewTests.swift in Sources */,
			);
			runOnlyForDeploymentPostprocessing = 0;
		};
		A103288E251628720088F108 /* Sources */ = {
			isa = PBXSourcesBuildPhase;
			buildActionMask = 2147483647;
			files = (
				A1032897251628720088F108 /* LiveGiftViewUITests.swift in Sources */,
			);
			runOnlyForDeploymentPostprocessing = 0;
		};
/* End PBXSourcesBuildPhase section */

/* Begin PBXTargetDependency section */
		A1032889251628720088F108 /* PBXTargetDependency */ = {
			isa = PBXTargetDependency;
			target = A1032870251628700088F108 /* LiveGiftView */;
			targetProxy = A1032888251628720088F108 /* PBXContainerItemProxy */;
		};
		A1032894251628720088F108 /* PBXTargetDependency */ = {
			isa = PBXTargetDependency;
			target = A1032870251628700088F108 /* LiveGiftView */;
			targetProxy = A1032893251628720088F108 /* PBXContainerItemProxy */;
		};
/* End PBXTargetDependency section */

/* Begin PBXVariantGroup section */
		A103287A251628700088F108 /* Main.storyboard */ = {
			isa = PBXVariantGroup;
			children = (
				A103287B251628700088F108 /* Base */,
			);
			name = Main.storyboard;
			sourceTree = "<group>";
		};
		A103287F251628710088F108 /* LaunchScreen.storyboard */ = {
			isa = PBXVariantGroup;
			children = (
				A1032880251628710088F108 /* Base */,
			);
			name = LaunchScreen.storyboard;
			sourceTree = "<group>";
		};
/* End PBXVariantGroup section */

/* Begin XCBuildConfiguration section */
		A1032899251628720088F108 /* Debug */ = {
			isa = XCBuildConfiguration;
			buildSettings = {
				ALWAYS_SEARCH_USER_PATHS = NO;
				CLANG_ANALYZER_NONNULL = YES;
				CLANG_ANALYZER_NUMBER_OBJECT_CONVERSION = YES_AGGRESSIVE;
				CLANG_CXX_LANGUAGE_STANDARD = "gnu++14";
				CLANG_CXX_LIBRARY = "libc++";
				CLANG_ENABLE_MODULES = YES;
				CLANG_ENABLE_OBJC_ARC = YES;
				CLANG_ENABLE_OBJC_WEAK = YES;
				CLANG_WARN_BLOCK_CAPTURE_AUTORELEASING = YES;
				CLANG_WARN_BOOL_CONVERSION = YES;
				CLANG_WARN_COMMA = YES;
				CLANG_WARN_CONSTANT_CONVERSION = YES;
				CLANG_WARN_DEPRECATED_OBJC_IMPLEMENTATIONS = YES;
				CLANG_WARN_DIRECT_OBJC_ISA_USAGE = YES_ERROR;
				CLANG_WARN_DOCUMENTATION_COMMENTS = YES;
				CLANG_WARN_EMPTY_BODY = YES;
				CLANG_WARN_ENUM_CONVERSION = YES;
				CLANG_WARN_INFINITE_RECURSION = YES;
				CLANG_WARN_INT_CONVERSION = YES;
				CLANG_WARN_NON_LITERAL_NULL_CONVERSION = YES;
				CLANG_WARN_OBJC_IMPLICIT_RETAIN_SELF = YES;
				CLANG_WARN_OBJC_LITERAL_CONVERSION = YES;
				CLANG_WARN_OBJC_ROOT_CLASS = YES_ERROR;
				CLANG_WARN_QUOTED_INCLUDE_IN_FRAMEWORK_HEADER = YES;
				CLANG_WARN_RANGE_LOOP_ANALYSIS = YES;
				CLANG_WARN_STRICT_PROTOTYPES = YES;
				CLANG_WARN_SUSPICIOUS_MOVE = YES;
				CLANG_WARN_UNGUARDED_AVAILABILITY = YES_AGGRESSIVE;
				CLANG_WARN_UNREACHABLE_CODE = YES;
				CLANG_WARN__DUPLICATE_METHOD_MATCH = YES;
				COPY_PHASE_STRIP = NO;
				DEBUG_INFORMATION_FORMAT = dwarf;
				ENABLE_STRICT_OBJC_MSGSEND = YES;
				ENABLE_TESTABILITY = YES;
				GCC_C_LANGUAGE_STANDARD = gnu11;
				GCC_DYNAMIC_NO_PIC = NO;
				GCC_NO_COMMON_BLOCKS = YES;
				GCC_OPTIMIZATION_LEVEL = 0;
				GCC_PREPROCESSOR_DEFINITIONS = (
					"DEBUG=1",
					"$(inherited)",
				);
				GCC_WARN_64_TO_32_BIT_CONVERSION = YES;
				GCC_WARN_ABOUT_RETURN_TYPE = YES_ERROR;
				GCC_WARN_UNDECLARED_SELECTOR = YES;
				GCC_WARN_UNINITIALIZED_AUTOS = YES_AGGRESSIVE;
				GCC_WARN_UNUSED_FUNCTION = YES;
				GCC_WARN_UNUSED_VARIABLE = YES;
				IPHONEOS_DEPLOYMENT_TARGET = 14.0;
				MTL_ENABLE_DEBUG_INFO = INCLUDE_SOURCE;
				MTL_FAST_MATH = YES;
				ONLY_ACTIVE_ARCH = YES;
				SDKROOT = iphoneos;
				SWIFT_ACTIVE_COMPILATION_CONDITIONS = DEBUG;
				SWIFT_OPTIMIZATION_LEVEL = "-Onone";
			};
			name = Debug;
		};
		A103289A251628720088F108 /* Release */ = {
			isa = XCBuildConfiguration;
			buildSettings = {
				ALWAYS_SEARCH_USER_PATHS = NO;
				CLANG_ANALYZER_NONNULL = YES;
				CLANG_ANALYZER_NUMBER_OBJECT_CONVERSION = YES_AGGRESSIVE;
				CLANG_CXX_LANGUAGE_STANDARD = "gnu++14";
				CLANG_CXX_LIBRARY = "libc++";
				CLANG_ENABLE_MODULES = YES;
				CLANG_ENABLE_OBJC_ARC = YES;
				CLANG_ENABLE_OBJC_WEAK = YES;
				CLANG_WARN_BLOCK_CAPTURE_AUTORELEASING = YES;
				CLANG_WARN_BOOL_CONVERSION = YES;
				CLANG_WARN_COMMA = YES;
				CLANG_WARN_CONSTANT_CONVERSION = YES;
				CLANG_WARN_DEPRECATED_OBJC_IMPLEMENTATIONS = YES;
				CLANG_WARN_DIRECT_OBJC_ISA_USAGE = YES_ERROR;
				CLANG_WARN_DOCUMENTATION_COMMENTS = YES;
				CLANG_WARN_EMPTY_BODY = YES;
				CLANG_WARN_ENUM_CONVERSION = YES;
				CLANG_WARN_INFINITE_RECURSION = YES;
				CLANG_WARN_INT_CONVERSION = YES;
				CLANG_WARN_NON_LITERAL_NULL_CONVERSION = YES;
				CLANG_WARN_OBJC_IMPLICIT_RETAIN_SELF = YES;
				CLANG_WARN_OBJC_LITERAL_CONVERSION = YES;
				CLANG_WARN_OBJC_ROOT_CLASS = YES_ERROR;
				CLANG_WARN_QUOTED_INCLUDE_IN_FRAMEWORK_HEADER = YES;
				CLANG_WARN_RANGE_LOOP_ANALYSIS = YES;
				CLANG_WARN_STRICT_PROTOTYPES = YES;
				CLANG_WARN_SUSPICIOUS_MOVE = YES;
				CLANG_WARN_UNGUARDED_AVAILABILITY = YES_AGGRESSIVE;
				CLANG_WARN_UNREACHABLE_CODE = YES;
				CLANG_WARN__DUPLICATE_METHOD_MATCH = YES;
				COPY_PHASE_STRIP = NO;
				DEBUG_INFORMATION_FORMAT = "dwarf-with-dsym";
				ENABLE_NS_ASSERTIONS = NO;
				ENABLE_STRICT_OBJC_MSGSEND = YES;
				GCC_C_LANGUAGE_STANDARD = gnu11;
				GCC_NO_COMMON_BLOCKS = YES;
				GCC_WARN_64_TO_32_BIT_CONVERSION = YES;
				GCC_WARN_ABOUT_RETURN_TYPE = YES_ERROR;
				GCC_WARN_UNDECLARED_SELECTOR = YES;
				GCC_WARN_UNINITIALIZED_AUTOS = YES_AGGRESSIVE;
				GCC_WARN_UNUSED_FUNCTION = YES;
				GCC_WARN_UNUSED_VARIABLE = YES;
				IPHONEOS_DEPLOYMENT_TARGET = 14.0;
				MTL_ENABLE_DEBUG_INFO = NO;
				MTL_FAST_MATH = YES;
				SDKROOT = iphoneos;
				SWIFT_COMPILATION_MODE = wholemodule;
				SWIFT_OPTIMIZATION_LEVEL = "-O";
				VALIDATE_PRODUCT = YES;
			};
			name = Release;
		};
		A103289C251628720088F108 /* Debug */ = {
			isa = XCBuildConfiguration;
			buildSettings = {
				ASSETCATALOG_COMPILER_APPICON_NAME = AppIcon;
				ASSETCATALOG_COMPILER_GLOBAL_ACCENT_COLOR_NAME = AccentColor;
				CODE_SIGN_STYLE = Automatic;
				DEVELOPMENT_TEAM = YQ2BBNYL5U;
				INFOPLIST_FILE = LiveGiftView/Info.plist;
				LD_RUNPATH_SEARCH_PATHS = (
					"$(inherited)",
					"@executable_path/Frameworks",
				);
				PRODUCT_BUNDLE_IDENTIFIER = com.gaihaikeji.videotest.LiveGiftView;
				PRODUCT_NAME = "$(TARGET_NAME)";
				SWIFT_VERSION = 5.0;
				TARGETED_DEVICE_FAMILY = "1,2";
			};
			name = Debug;
		};
		A103289D251628720088F108 /* Release */ = {
			isa = XCBuildConfiguration;
			buildSettings = {
				ASSETCATALOG_COMPILER_APPICON_NAME = AppIcon;
				ASSETCATALOG_COMPILER_GLOBAL_ACCENT_COLOR_NAME = AccentColor;
				CODE_SIGN_STYLE = Automatic;
				DEVELOPMENT_TEAM = YQ2BBNYL5U;
				INFOPLIST_FILE = LiveGiftView/Info.plist;
				LD_RUNPATH_SEARCH_PATHS = (
					"$(inherited)",
					"@executable_path/Frameworks",
				);
				PRODUCT_BUNDLE_IDENTIFIER = com.gaihaikeji.videotest.LiveGiftView;
				PRODUCT_NAME = "$(TARGET_NAME)";
				SWIFT_VERSION = 5.0;
				TARGETED_DEVICE_FAMILY = "1,2";
			};
			name = Release;
		};
		A103289F251628720088F108 /* Debug */ = {
			isa = XCBuildConfiguration;
			buildSettings = {
				ALWAYS_EMBED_SWIFT_STANDARD_LIBRARIES = YES;
				BUNDLE_LOADER = "$(TEST_HOST)";
				CODE_SIGN_STYLE = Automatic;
				DEVELOPMENT_TEAM = YQ2BBNYL5U;
				INFOPLIST_FILE = LiveGiftViewTests/Info.plist;
				IPHONEOS_DEPLOYMENT_TARGET = 14.0;
				LD_RUNPATH_SEARCH_PATHS = (
					"$(inherited)",
					"@executable_path/Frameworks",
					"@loader_path/Frameworks",
				);
				PRODUCT_BUNDLE_IDENTIFIER = com.gaihaikeji.videotest.LiveGiftViewTests;
				PRODUCT_NAME = "$(TARGET_NAME)";
				SWIFT_VERSION = 5.0;
				TARGETED_DEVICE_FAMILY = "1,2";
				TEST_HOST = "$(BUILT_PRODUCTS_DIR)/LiveGiftView.app/LiveGiftView";
			};
			name = Debug;
		};
		A10328A0251628720088F108 /* Release */ = {
			isa = XCBuildConfiguration;
			buildSettings = {
				ALWAYS_EMBED_SWIFT_STANDARD_LIBRARIES = YES;
				BUNDLE_LOADER = "$(TEST_HOST)";
				CODE_SIGN_STYLE = Automatic;
				DEVELOPMENT_TEAM = YQ2BBNYL5U;
				INFOPLIST_FILE = LiveGiftViewTests/Info.plist;
				IPHONEOS_DEPLOYMENT_TARGET = 14.0;
				LD_RUNPATH_SEARCH_PATHS = (
					"$(inherited)",
					"@executable_path/Frameworks",
					"@loader_path/Frameworks",
				);
				PRODUCT_BUNDLE_IDENTIFIER = com.gaihaikeji.videotest.LiveGiftViewTests;
				PRODUCT_NAME = "$(TARGET_NAME)";
				SWIFT_VERSION = 5.0;
				TARGETED_DEVICE_FAMILY = "1,2";
				TEST_HOST = "$(BUILT_PRODUCTS_DIR)/LiveGiftView.app/LiveGiftView";
			};
			name = Release;
		};
		A10328A2251628720088F108 /* Debug */ = {
			isa = XCBuildConfiguration;
			buildSettings = {
				ALWAYS_EMBED_SWIFT_STANDARD_LIBRARIES = YES;
				CODE_SIGN_STYLE = Automatic;
				DEVELOPMENT_TEAM = YQ2BBNYL5U;
				INFOPLIST_FILE = LiveGiftViewUITests/Info.plist;
				LD_RUNPATH_SEARCH_PATHS = (
					"$(inherited)",
					"@executable_path/Frameworks",
					"@loader_path/Frameworks",
				);
				PRODUCT_BUNDLE_IDENTIFIER = com.gaihaikeji.videotest.LiveGiftViewUITests;
				PRODUCT_NAME = "$(TARGET_NAME)";
				SWIFT_VERSION = 5.0;
				TARGETED_DEVICE_FAMILY = "1,2";
				TEST_TARGET_NAME = LiveGiftView;
			};
			name = Debug;
		};
		A10328A3251628720088F108 /* Release */ = {
			isa = XCBuildConfiguration;
			buildSettings = {
				ALWAYS_EMBED_SWIFT_STANDARD_LIBRARIES = YES;
				CODE_SIGN_STYLE = Automatic;
				DEVELOPMENT_TEAM = YQ2BBNYL5U;
				INFOPLIST_FILE = LiveGiftViewUITests/Info.plist;
				LD_RUNPATH_SEARCH_PATHS = (
					"$(inherited)",
					"@executable_path/Frameworks",
					"@loader_path/Frameworks",
				);
				PRODUCT_BUNDLE_IDENTIFIER = com.gaihaikeji.videotest.LiveGiftViewUITests;
				PRODUCT_NAME = "$(TARGET_NAME)";
				SWIFT_VERSION = 5.0;
				TARGETED_DEVICE_FAMILY = "1,2";
				TEST_TARGET_NAME = LiveGiftView;
			};
			name = Release;
		};
/* End XCBuildConfiguration section */

/* Begin XCConfigurationList section */
		A103286C251628700088F108 /* Build configuration list for PBXProject "LiveGiftView" */ = {
			isa = XCConfigurationList;
			buildConfigurations = (
				A1032899251628720088F108 /* Debug */,
				A103289A251628720088F108 /* Release */,
			);
			defaultConfigurationIsVisible = 0;
			defaultConfigurationName = Release;
		};
		A103289B251628720088F108 /* Build configuration list for PBXNativeTarget "LiveGiftView" */ = {
			isa = XCConfigurationList;
			buildConfigurations = (
				A103289C251628720088F108 /* Debug */,
				A103289D251628720088F108 /* Release */,
			);
			defaultConfigurationIsVisible = 0;
			defaultConfigurationName = Release;
		};
		A103289E251628720088F108 /* Build configuration list for PBXNativeTarget "LiveGiftViewTests" */ = {
			isa = XCConfigurationList;
			buildConfigurations = (
				A103289F251628720088F108 /* Debug */,
				A10328A0251628720088F108 /* Release */,
			);
			defaultConfigurationIsVisible = 0;
			defaultConfigurationName = Release;
		};
		A10328A1251628720088F108 /* Build configuration list for PBXNativeTarget "LiveGiftViewUITests" */ = {
			isa = XCConfigurationList;
			buildConfigurations = (
				A10328A2251628720088F108 /* Debug */,
				A10328A3251628720088F108 /* Release */,
			);
			defaultConfigurationIsVisible = 0;
			defaultConfigurationName = Release;
		};
/* End XCConfigurationList section */
	};
	rootObject = A1032869251628700088F108 /* Project object */;
}
